
Microsoft Visual Studio Solution File, Format Version 12.00
# Visual Studio Version 17
VisualStudioVersion = 17.0.31903.59
MinimumVisualStudioVersion = 10.0.40219.1
Project("{FAE04EC0-301F-11D3-BF4B-00C04F79EFBC}") = "carousel-bug-repro", "carousel-bug-repro\carousel-bug-repro.csproj", "{DD7D28CB-24AE-497B-A59F-5AC29D314063}"
EndProject
Global
	GlobalSection(SolutionConfigurationPlatforms) = preSolution
		Debug|Any CPU = Debug|Any CPU
		Release|Any CPU = Release|Any CPU
	EndGlobalSection
	GlobalSection(SolutionProperties) = preSolution
		HideSolutionNode = FALSE
	EndGlobalSection
	GlobalSection(ProjectConfigurationPlatforms) = postSolution
		{DD7D28CB-24AE-497B-A59F-5AC29D314063}.Debug|Any CPU.ActiveCfg = Debug|Any CPU
		{DD7D28CB-24AE-497B-A59F-5AC29D314063}.Debug|Any CPU.Build.0 = Debug|Any CPU
		{DD7D28CB-24AE-497B-A59F-5AC29D314063}.Release|Any CPU.ActiveCfg = Release|Any CPU
		{DD7D28CB-24AE-497B-A59F-5AC29D314063}.Release|Any CPU.Build.0 = Release|Any CPU
	EndGlobalSection
EndGlobal
